lockVersion: 2.0.0
id: 2c1d440e-25e4-46e2-a435-ebd1f72a7373
management:
  docChecksum: 69e7ed1c4e2f158cef4ec88a2e8330f5
  docVersion: V2
  speakeasyVersion: 1.361.1
  generationVersion: 2.393.4
  releaseVersion: 0.5.0
  configChecksum: 4229e7295a10841570e30b16f7b276e5
  repoURL: https://github.com/comfy-deploy/comfy-deploy-python.git
  installationURL: https://github.com/comfy-deploy/comfy-deploy-python.git
  published: true
features:
  python:
    additionalDependencies: 1.0.0
    callbacks: 2.0.0
    constsAndDefaults: 1.0.2
    core: 5.3.7
    defaultEnabledRetries: 0.2.0
    deprecations: 3.0.0
    devContainers: 3.0.0
    envVarSecurityUsage: 0.3.1
    flattening: 3.0.0
    globalSecurity: 3.0.2
    globalSecurityCallbacks: 1.0.0
    globalSecurityFlattening: 1.0.0
    globalServerURLs: 3.0.0
    groups: 3.0.0
    multipartFileContentType: 1.0.0
    nameOverrides: 3.0.0
    nullables: 1.0.0
    responseFormat: 1.0.0
    retries: 3.0.0
    sdkHooks: 1.0.0
    serverEvents: 1.0.2
    unions: 3.0.2
    uploadStreams: 1.0.0
    webhooks: 2.0.0
generatedFiles:
  - src/comfydeploy/sdkconfiguration.py
  - src/comfydeploy/deployment.py
  - src/comfydeploy/workflow.py
  - src/comfydeploy/run.py
  - src/comfydeploy/session.py
  - src/comfydeploy/deployments.py
  - src/comfydeploy/file.py
  - src/comfydeploy/models_.py
  - src/comfydeploy/search.py
  - src/comfydeploy/sdk.py
  - .vscode/settings.json
  - poetry.toml
  - py.typed
  - pylintrc
  - pyproject.toml
  - scripts/compile.sh
  - scripts/prepare-readme.py
  - scripts/publish.sh
  - src/comfydeploy/__init__.py
  - src/comfydeploy/basesdk.py
  - src/comfydeploy/httpclient.py
  - src/comfydeploy/py.typed
  - src/comfydeploy/types/__init__.py
  - src/comfydeploy/types/basemodel.py
  - src/comfydeploy/utils/__init__.py
  - src/comfydeploy/utils/annotations.py
  - src/comfydeploy/utils/enums.py
  - src/comfydeploy/utils/eventstreaming.py
  - src/comfydeploy/utils/forms.py
  - src/comfydeploy/utils/headers.py
  - src/comfydeploy/utils/logger.py
  - src/comfydeploy/utils/metadata.py
  - src/comfydeploy/utils/queryparams.py
  - src/comfydeploy/utils/requestbodies.py
  - src/comfydeploy/utils/retries.py
  - src/comfydeploy/utils/security.py
  - src/comfydeploy/utils/serializers.py
  - src/comfydeploy/utils/url.py
  - src/comfydeploy/utils/values.py
  - src/comfydeploy/models/errors/sdkerror.py
  - src/comfydeploy/models/operations/get_run_run_run_id_get.py
  - src/comfydeploy/models/operations/create_run_queue_run_queue_post.py
  - src/comfydeploy/models/operations/create_run_sync_run_sync_post.py
  - src/comfydeploy/models/operations/create_run_stream_run_stream_post.py
  - src/comfydeploy/models/operations/cancel_run_run_run_id_cancel_post.py
  - src/comfydeploy/models/operations/queue_deployment_run_run_deployment_queue_post.py
  - src/comfydeploy/models/operations/sync_deployment_run_run_deployment_sync_post.py
  - src/comfydeploy/models/operations/create_run_deployment_stream_run_deployment_stream_post.py
  - src/comfydeploy/models/operations/queue_workflow_run_run_workflow_queue_post.py
  - src/comfydeploy/models/operations/sync_workflow_run_run_workflow_sync_post.py
  - src/comfydeploy/models/operations/create_run_workflow_stream_run_workflow_stream_post.py
  - src/comfydeploy/models/operations/get_session_session_session_id_get.py
  - src/comfydeploy/models/operations/delete_session_session_session_id_delete.py
  - src/comfydeploy/models/operations/get_machine_sessions_sessions_get.py
  - src/comfydeploy/models/operations/increase_timeout_session_increase_timeout_post.py
  - src/comfydeploy/models/operations/create_session_session_post.py
  - src/comfydeploy/models/operations/create_deployment_deployment_post.py
  - src/comfydeploy/models/operations/get_deployments_deployments_get.py
  - src/comfydeploy/models/operations/upload_file_file_upload_post.py
  - src/comfydeploy/models/operations/create_folder_assets_folder_post.py
  - src/comfydeploy/models/operations/list_assets_assets_get.py
  - src/comfydeploy/models/operations/get_asset_assets_asset_id_get.py
  - src/comfydeploy/models/operations/delete_asset_assets_asset_id_delete.py
  - src/comfydeploy/models/operations/upload_asset_file_assets_upload_post.py
  - src/comfydeploy/models/operations/public_models_models_get.py
  - src/comfydeploy/models/operations/search_search_model_get.py
  - src/comfydeploy/models/operations/__init__.py
  - src/comfydeploy/models/components/workflowrunmodel.py
  - src/comfydeploy/models/components/workflowrunoutputmodel.py
  - src/comfydeploy/models/components/mediaitem.py
  - src/comfydeploy/models/components/httpmetadata.py
  - src/comfydeploy/models/components/validationerror.py
  - src/comfydeploy/models/components/createrunresponse.py
  - src/comfydeploy/models/components/workflowrunversionrequest.py
  - src/comfydeploy/models/components/workflowrunrequest.py
  - src/comfydeploy/models/components/deploymentrunrequest.py
  - src/comfydeploy/models/components/modelrunrequest.py
  - src/comfydeploy/models/components/workflowrunwebhookbody.py
  - src/comfydeploy/models/components/workflowrunstatus.py
  - src/comfydeploy/models/components/workflowrunwebhookresponse.py
  - src/comfydeploy/models/components/runstream.py
  - src/comfydeploy/models/components/logupdateevent.py
  - src/comfydeploy/models/components/logdatacontent.py
  - src/comfydeploy/models/components/eventupdateevent.py
  - src/comfydeploy/models/components/eventupdate.py
  - src/comfydeploy/models/components/cancelfunctionbody.py
  - src/comfydeploy/models/components/session.py
  - src/comfydeploy/models/components/deletesessionresponse.py
  - src/comfydeploy/models/components/gpueventmodel.py
  - src/comfydeploy/models/components/gpuprovidertype.py
  - src/comfydeploy/models/components/workspacegpu.py
  - src/comfydeploy/models/components/machinegpu_output.py
  - src/comfydeploy/models/components/increasetimeoutbody.py
  - src/comfydeploy/models/components/createsessionresponse.py
  - src/comfydeploy/models/components/createsessionbody.py
  - src/comfydeploy/models/components/api_routes_types_machinegpu_2.py
  - src/comfydeploy/models/components/deploymentmodel.py
  - src/comfydeploy/models/components/outputmodel.py
  - src/comfydeploy/models/components/inputmodel.py
  - src/comfydeploy/models/components/workflowwithname.py
  - src/comfydeploy/models/components/deploymentenvironment.py
  - src/comfydeploy/models/components/deploymentcreate.py
  - src/comfydeploy/models/components/fileuploadresponse.py
  - src/comfydeploy/models/components/body_upload_file_file_upload_post.py
  - src/comfydeploy/models/components/assetresponse.py
  - src/comfydeploy/models/components/createfolderrequest.py
  - src/comfydeploy/models/components/body_upload_asset_file_assets_upload_post.py
  - src/comfydeploy/models/components/modelwithmetadata.py
  - src/comfydeploy/models/components/modeloutput.py
  - src/comfydeploy/models/components/modelinput.py
  - src/comfydeploy/models/components/searchmodelsresponse.py
  - src/comfydeploy/models/components/modelsearchquery.py
  - src/comfydeploy/models/components/security.py
  - src/comfydeploy/models/components/__init__.py
  - src/comfydeploy/models/errors/httpvalidationerror.py
  - src/comfydeploy/models/errors/__init__.py
  - src/comfydeploy/models/callbacks/create_run_queue_run_queue_post.py
  - src/comfydeploy/models/callbacks/create_run_sync_run_sync_post.py
  - src/comfydeploy/models/callbacks/create_run_stream_run_stream_post.py
  - src/comfydeploy/models/callbacks/create_run_deployment_stream_run_deployment_stream_post.py
  - src/comfydeploy/models/callbacks/create_run_workflow_stream_run_workflow_stream_post.py
  - src/comfydeploy/models/callbacks/__init__.py
  - src/comfydeploy/models/webhooks/run_update_request_body_webhook_post.py
  - src/comfydeploy/models/webhooks/__init__.py
  - docs/models/operations/getrunrunrunidgetrequest.md
  - docs/models/operations/getrunrunrunidgetresponse.md
  - docs/models/operations/createrunqueuerunqueuepostdata.md
  - docs/models/operations/createrunqueuerunqueuepostresponse.md
  - docs/models/operations/createrunsyncrunsyncpostdata.md
  - docs/models/operations/createrunsyncrunsyncpostresponse.md
  - docs/models/operations/createrunstreamrunstreampostdata.md
  - docs/models/operations/createrunstreamrunstreampostresponse.md
  - docs/models/operations/cancelrunrunrunidcancelpostrequest.md
  - docs/models/operations/cancelrunrunrunidcancelpostresponse.md
  - docs/models/operations/queuedeploymentrunrundeploymentqueuepostresponse.md
  - docs/models/operations/syncdeploymentrunrundeploymentsyncpostresponse.md
  - docs/models/operations/createrundeploymentstreamrundeploymentstreampostresponse.md
  - docs/models/operations/queueworkflowrunrunworkflowqueuepostresponse.md
  - docs/models/operations/syncworkflowrunrunworkflowsyncpostresponse.md
  - docs/models/operations/createrunworkflowstreamrunworkflowstreampostresponse.md
  - docs/models/operations/getsessionsessionsessionidgetrequest.md
  - docs/models/operations/getsessionsessionsessionidgetresponse.md
  - docs/models/operations/deletesessionsessionsessioniddeleterequest.md
  - docs/models/operations/deletesessionsessionsessioniddeleteresponse.md
  - docs/models/operations/getmachinesessionssessionsgetrequest.md
  - docs/models/operations/getmachinesessionssessionsgetresponse.md
  - docs/models/operations/increasetimeoutsessionincreasetimeoutpostresponse.md
  - docs/models/operations/createsessionsessionpostresponse.md
  - docs/models/operations/createdeploymentdeploymentpostresponse.md
  - docs/models/operations/getdeploymentsdeploymentsgetrequest.md
  - docs/models/operations/getdeploymentsdeploymentsgetresponse.md
  - docs/models/operations/uploadfilefileuploadpostresponse.md
  - docs/models/operations/createfolderassetsfolderpostresponse.md
  - docs/models/operations/listassetsassetsgetrequest.md
  - docs/models/operations/listassetsassetsgetresponse.md
  - docs/models/operations/getassetassetsassetidgetrequest.md
  - docs/models/operations/getassetassetsassetidgetresponse.md
  - docs/models/operations/deleteassetassetsassetiddeleterequest.md
  - docs/models/operations/deleteassetassetsassetiddeleteresponse.md
  - docs/models/operations/uploadassetfileassetsuploadpostrequest.md
  - docs/models/operations/uploadassetfileassetsuploadpostresponse.md
  - docs/models/operations/publicmodelsmodelsgetresponse.md
  - docs/models/operations/searchsearchmodelgetrequest.md
  - docs/models/operations/searchsearchmodelgetresponse.md
  - docs/models/components/workflowrunmodel.md
  - docs/models/components/data.md
  - docs/models/components/workflowrunoutputmodel.md
  - docs/models/components/mediaitem.md
  - docs/models/components/httpmetadata.md
  - docs/models/components/loc.md
  - docs/models/components/validationerror.md
  - docs/models/components/createrunresponse.md
  - docs/models/components/workflowrunversionrequestinputs.md
  - docs/models/components/workflowrunversionrequestgpu.md
  - docs/models/components/workflowrunversionrequest.md
  - docs/models/components/workflowrunrequestinputs.md
  - docs/models/components/workflowrunrequestgpu.md
  - docs/models/components/workflowapijson.md
  - docs/models/components/workflow.md
  - docs/models/components/workflowrunrequest.md
  - docs/models/components/inputs.md
  - docs/models/components/gpu.md
  - docs/models/components/deploymentrunrequest.md
  - docs/models/components/modelrunrequestinputs.md
  - docs/models/components/modelrunrequestgpu.md
  - docs/models/components/modelrunrequest.md
  - docs/models/components/workflowrunwebhookbody.md
  - docs/models/components/workflowrunstatus.md
  - docs/models/components/workflowrunwebhookresponse.md
  - docs/models/components/runstream.md
  - docs/models/components/event.md
  - docs/models/components/logupdateevent.md
  - docs/models/components/logdatacontent.md
  - docs/models/components/eventupdateeventevent.md
  - docs/models/components/eventupdateevent.md
  - docs/models/components/eventupdate.md
  - docs/models/components/cancelfunctionbody.md
  - docs/models/components/session.md
  - docs/models/components/deletesessionresponse.md
  - docs/models/components/gpueventmodel.md
  - docs/models/components/gpuprovidertype.md
  - docs/models/components/workspacegpu.md
  - docs/models/components/machinegpuoutput.md
  - docs/models/components/increasetimeoutbody.md
  - docs/models/components/createsessionresponse.md
  - docs/models/components/createsessionbody.md
  - docs/models/components/apiroutestypesmachinegpu2.md
  - docs/models/components/shareoptions.md
  - docs/models/components/showcasemedia.md
  - docs/models/components/deploymentmodel.md
  - docs/models/components/outputmodel.md
  - docs/models/components/defaultvalue.md
  - docs/models/components/minvalue.md
  - docs/models/components/maxvalue.md
  - docs/models/components/step.md
  - docs/models/components/inputmodel.md
  - docs/models/components/workflowwithname.md
  - docs/models/components/deploymentenvironment.md
  - docs/models/components/deploymentcreate.md
  - docs/models/components/fileuploadresponse.md
  - docs/models/components/file.md
  - docs/models/components/bodyuploadfilefileuploadpost.md
  - docs/models/components/assetresponse.md
  - docs/models/components/createfolderrequest.md
  - docs/models/components/bodyuploadassetfileassetsuploadpostfile.md
  - docs/models/components/bodyuploadassetfileassetsuploadpost.md
  - docs/models/components/modelwithmetadata.md
  - docs/models/components/modeloutputclasstype.md
  - docs/models/components/modeloutput.md
  - docs/models/components/two.md
  - docs/models/components/classtype.md
  - docs/models/components/modelinput.md
  - docs/models/components/searchmodelsresponse.md
  - docs/models/components/modelsearchquery.md
  - docs/models/components/security.md
  - docs/models/errors/httpvalidationerror.md
  - docs/models/callbacks/createrunqueuerunqueuepostrunupdaterequestbodywebhookpostresponse.md
  - docs/models/callbacks/createrunsyncrunsyncpostrunupdaterequestbodywebhookpostresponse.md
  - docs/models/callbacks/createrunstreamrunstreampostrunupdaterequestbodywebhookpostresponse.md
  - docs/models/callbacks/createrundeploymentstreamrundeploymentstreampostrunupdaterequestbodywebhookpostresponse.md
  - docs/models/callbacks/createrunworkflowstreamrunworkflowstreampostrunupdaterequestbodywebhookpostresponse.md
  - docs/models/webhooks/runupdaterequestbodywebhookpostresponse.md
  - docs/sdks/comfydeploy/README.md
  - docs/models/utils/retryconfig.md
  - docs/sdks/run/README.md
  - docs/sdks/deployment/README.md
  - docs/sdks/workflow/README.md
  - docs/sdks/session/README.md
  - docs/sdks/deployments/README.md
  - docs/sdks/file/README.md
  - docs/sdks/models/README.md
  - docs/sdks/search/README.md
  - USAGE.md
  - .gitattributes
  - .devcontainer/README.md
  - .devcontainer/devcontainer.json
  - .devcontainer/setup.sh
  - src/comfydeploy/_hooks/sdkhooks.py
  - src/comfydeploy/_hooks/types.py
  - src/comfydeploy/_hooks/__init__.py
  - CONTRIBUTING.md
