speakeasyVersion: 1.340.0
sources:
    comfydeploy-api:
        sourceNamespace: comfydeploy-api
        sourceRevisionDigest: sha256:233ab5c8d302812b1c99bb35c6642d651dbc7b244ac0f679f27be44afde1b40a
        sourceBlobDigest: sha256:fa2d139af00f7ecbffe82d23077c1521e84df812e9e0f5bb5efb0ea64b805eeb
        tags:
            - latest
            - main
targets:
    comfy-deploy:
        source: comfydeploy-api
        sourceNamespace: comfydeploy-api
        sourceRevisionDigest: sha256:233ab5c8d302812b1c99bb35c6642d651dbc7b244ac0f679f27be44afde1b40a
        sourceBlobDigest: sha256:fa2d139af00f7ecbffe82d23077c1521e84df812e9e0f5bb5efb0ea64b805eeb
        codeSamplesNamespace: code-samples-python-comfy-deploy
        codeSamplesRevisionDigest: sha256:cbecc641b373ef2abc7c72a6b45f85e1afd4b3cbfcc90ccb243368a0a05ce678
        outLocation: /github/workspace/repo
workflow:
    workflowVersion: 1.0.0
    speakeasyVersion: latest
    sources:
        comfydeploy-api:
            inputs:
                - location: https://www.comfydeploy.com/api/openapi.json
            registry:
                location: registry.speakeasyapi.dev/comfydeploy/comfydeploy/comfydeploy-api
    targets:
        comfy-deploy:
            target: python
            source: comfydeploy-api
            publish:
                pypi:
                    token: $pypi_token
            codeSamples:
                output: codeSamples.yaml
                registry:
                    location: registry.speakeasyapi.dev/comfydeploy/comfydeploy/code-samples-python-comfy-deploy
