speakeasyVersion: 1.337.1
sources:
    comfydeploy-api:
        sourceNamespace: comfydeploy-api
        sourceRevisionDigest: sha256:17c4a5f1f7612e027b9383bc7596c6e8ca2ea55d7245b2984b1c0da87e82e8cc
        sourceBlobDigest: sha256:43e27417b0edb747e99b7c6059157425de6a2c9ddf48f861db9a7912ad3b90ad
        tags:
            - latest
targets:
    comfy-deploy:
        source: comfydeploy-api
        sourceNamespace: comfydeploy-api
        sourceRevisionDigest: sha256:17c4a5f1f7612e027b9383bc7596c6e8ca2ea55d7245b2984b1c0da87e82e8cc
        sourceBlobDigest: sha256:43e27417b0edb747e99b7c6059157425de6a2c9ddf48f861db9a7912ad3b90ad
        codeSamplesNamespace: code-samples-python-comfy-deploy
        codeSamplesRevisionDigest: sha256:f3763fe62b1f8246912d081ee9ac5dd7ca7eb075b3baf345e879af835c2e5fb9
        outLocation: /Users/bennykok/Documents/GitHub/comfy-deploy-python
workflow:
    workflowVersion: 1.0.0
    speakeasyVersion: latest
    sources:
        comfydeploy-api:
            inputs:
                - location: https://www.comfydeploy.com/api/openapi.json
            registry:
                location: registry.speakeasyapi.dev/comfydeploy/comfydeploy/comfydeploy-api
    targets:
        comfy-deploy:
            target: python
            source: comfydeploy-api
            publish:
                pypi:
                    token: $pypi_token
            codeSamples:
                output: codeSamples.yaml
                registry:
                    location: registry.speakeasyapi.dev/comfydeploy/comfydeploy/code-samples-python-comfy-deploy
