speakeasyVersion: 1.513.4
sources:
    comfydeploy-api:
        sourceNamespace: comfydeploy-api
        sourceRevisionDigest: sha256:3eb7881e0563b545f2ad56d20479164819bbe2f32c60c1bd5d1200fafa78261b
        sourceBlobDigest: sha256:ca3cb897850822cf4eef5df4ad845bdea320cfc685bc117fbcc23544de1c8e3a
        tags:
            - latest
            - speakeasy-sdk-regen-1739751156
            - V2
targets:
    comfy-deploy:
        source: comfydeploy-api
        sourceNamespace: comfydeploy-api
        sourceRevisionDigest: sha256:3eb7881e0563b545f2ad56d20479164819bbe2f32c60c1bd5d1200fafa78261b
        sourceBlobDigest: sha256:ca3cb897850822cf4eef5df4ad845bdea320cfc685bc117fbcc23544de1c8e3a
        codeSamplesNamespace: code-samples-python-comfy-deploy
        codeSamplesRevisionDigest: sha256:ccf69dc82babf4ef9868fd5e20ec0c98aa93953630da085c638d59f79108369f
workflow:
    workflowVersion: 1.0.0
    speakeasyVersion: latest
    sources:
        comfydeploy-api:
            inputs:
                - location: https://api.comfydeploy.com/openapi.json/with-no-code-samples
            registry:
                location: registry.speakeasyapi.dev/comfydeploy/comfydeploy/comfydeploy-api
    targets:
        comfy-deploy:
            target: python
            source: comfydeploy-api
            publish:
                pypi:
                    token: $pypi_token
            codeSamples:
                output: codeSamples.yaml
                registry:
                    location: registry.speakeasyapi.dev/comfydeploy/comfydeploy/code-samples-python-comfy-deploy
                labelOverride:
                    fixedValue: SDK (Python)
